
Microsoft Visual Studio Solution File, Format Version 12.00
# Visual Studio Version 17
VisualStudioVersion = 17.9.34728.123
MinimumVisualStudioVersion = 10.0.40219.1
Project("{9A19103F-16F7-4668-BE54-9A1E7A4F7556}") = "BusinessObject", "BusinessObject\BusinessObject.csproj", "{F3F7A741-4045-4C87-A2DB-9214C28D042C}"
EndProject
Project("{9A19103F-16F7-4668-BE54-9A1E7A4F7556}") = "DataLayerAccess", "DataLayerAccess\DataLayerAccess.csproj", "{31663889-AAAC-4E70-A5D8-D18545608CC6}"
EndProject
Project("{9A19103F-16F7-4668-BE54-9A1E7A4F7556}") = "Repositories", "Repositories\Repositories.csproj", "{7CF988BD-1587-4AC0-9039-5CCA1C6858BB}"
EndProject
Project("{FAE04EC0-301F-11D3-BF4B-00C04F79EFBC}") = "ProductManagement", "ProductManagement\ProductManagement.csproj", "{A1359416-5749-4AFD-9D76-7F3201564988}"
EndProject
Global
	GlobalSection(SolutionConfigurationPlatforms) = preSolution
		Debug|Any CPU = Debug|Any CPU
		Release|Any CPU = Release|Any CPU
	EndGlobalSection
	GlobalSection(ProjectConfigurationPlatforms) = postSolution
		{F3F7A741-4045-4C87-A2DB-9214C28D042C}.Debug|Any CPU.ActiveCfg = Debug|Any CPU
		{F3F7A741-4045-4C87-A2DB-9214C28D042C}.Debug|Any CPU.Build.0 = Debug|Any CPU
		{F3F7A741-4045-4C87-A2DB-9214C28D042C}.Release|Any CPU.ActiveCfg = Release|Any CPU
		{F3F7A741-4045-4C87-A2DB-9214C28D042C}.Release|Any CPU.Build.0 = Release|Any CPU
		{31663889-AAAC-4E70-A5D8-D18545608CC6}.Debug|Any CPU.ActiveCfg = Debug|Any CPU
		{31663889-AAAC-4E70-A5D8-D18545608CC6}.Debug|Any CPU.Build.0 = Debug|Any CPU
		{31663889-AAAC-4E70-A5D8-D18545608CC6}.Release|Any CPU.ActiveCfg = Release|Any CPU
		{31663889-AAAC-4E70-A5D8-D18545608CC6}.Release|Any CPU.Build.0 = Release|Any CPU
		{7CF988BD-1587-4AC0-9039-5CCA1C6858BB}.Debug|Any CPU.ActiveCfg = Debug|Any CPU
		{7CF988BD-1587-4AC0-9039-5CCA1C6858BB}.Debug|Any CPU.Build.0 = Debug|Any CPU
		{7CF988BD-1587-4AC0-9039-5CCA1C6858BB}.Release|Any CPU.ActiveCfg = Release|Any CPU
		{7CF988BD-1587-4AC0-9039-5CCA1C6858BB}.Release|Any CPU.Build.0 = Release|Any CPU
		{A1359416-5749-4AFD-9D76-7F3201564988}.Debug|Any CPU.ActiveCfg = Debug|Any CPU
		{A1359416-5749-4AFD-9D76-7F3201564988}.Debug|Any CPU.Build.0 = Debug|Any CPU
		{A1359416-5749-4AFD-9D76-7F3201564988}.Release|Any CPU.ActiveCfg = Release|Any CPU
		{A1359416-5749-4AFD-9D76-7F3201564988}.Release|Any CPU.Build.0 = Release|Any CPU
	EndGlobalSection
	GlobalSection(SolutionProperties) = preSolution
		HideSolutionNode = FALSE
	EndGlobalSection
	GlobalSection(ExtensibilityGlobals) = postSolution
		SolutionGuid = {AEA2C53C-D5F9-4FCD-AA9A-1A9948653D23}
	EndGlobalSection
EndGlobal
